
Microsoft Visual Studio Solution File, Format Version 12.00
# Visual Studio Version 17
VisualStudioVersion = 17.1.32421.90
MinimumVisualStudioVersion = 10.0.40219.1
Project("{FAE04EC0-301F-11D3-BF4B-00C04F79EFBC}") = "WebApp", "WebApp\WebApp.csproj", "{B0C5285E-BDDB-4490-88A2-E6D32BC926C5}"
EndProject
Project("{FAE04EC0-301F-11D3-BF4B-00C04F79EFBC}") = "WebMinAPI", "WebMinAPI\WebMinAPI.csproj", "{EA6CCC9B-E714-4B47-B0EC-8EC4AA5622EE}"
EndProject
Global
	GlobalSection(SolutionConfigurationPlatforms) = preSolution
		Debug|Any CPU = Debug|Any CPU
		Release|Any CPU = Release|Any CPU
	EndGlobalSection
	GlobalSection(ProjectConfigurationPlatforms) = postSolution
		{B0C5285E-BDDB-4490-88A2-E6D32BC926C5}.Debug|Any CPU.ActiveCfg = Debug|Any CPU
		{B0C5285E-BDDB-4490-88A2-E6D32BC926C5}.Debug|Any CPU.Build.0 = Debug|Any CPU
		{B0C5285E-BDDB-4490-88A2-E6D32BC926C5}.Release|Any CPU.ActiveCfg = Release|Any CPU
		{B0C5285E-BDDB-4490-88A2-E6D32BC926C5}.Release|Any CPU.Build.0 = Release|Any CPU
		{EA6CCC9B-E714-4B47-B0EC-8EC4AA5622EE}.Debug|Any CPU.ActiveCfg = Debug|Any CPU
		{EA6CCC9B-E714-4B47-B0EC-8EC4AA5622EE}.Debug|Any CPU.Build.0 = Debug|Any CPU
		{EA6CCC9B-E714-4B47-B0EC-8EC4AA5622EE}.Release|Any CPU.ActiveCfg = Release|Any CPU
		{EA6CCC9B-E714-4B47-B0EC-8EC4AA5622EE}.Release|Any CPU.Build.0 = Release|Any CPU
	EndGlobalSection
	GlobalSection(SolutionProperties) = preSolution
		HideSolutionNode = FALSE
	EndGlobalSection
	GlobalSection(ExtensibilityGlobals) = postSolution
		SolutionGuid = {A0436BB8-E383-4982-8490-0D7AB2C045D3}
	EndGlobalSection
EndGlobal
